
Microsoft Visual Studio Solution File, Format Version 12.00
# Visual Studio Version 17
VisualStudioVersion = 17.5.33627.172
MinimumVisualStudioVersion = 10.0.40219.1
Project("{9A19103F-16F7-4668-BE54-9A1E7A4F7556}") = "Toggle Notifications", "Toggle Notifications.csproj", "{240E641D-B3AA-44EE-A6D1-A6D0F8A1A46E}"
EndProject
Global
	GlobalSection(SolutionConfigurationPlatforms) = preSolution
		Debug|Any CPU = Debug|Any CPU
		Release|Any CPU = Release|Any CPU
	EndGlobalSection
	GlobalSection(ProjectConfigurationPlatforms) = postSolution
		{240E641D-B3AA-44EE-A6D1-A6D0F8A1A46E}.Debug|Any CPU.ActiveCfg = Debug|Any CPU
		{240E641D-B3AA-44EE-A6D1-A6D0F8A1A46E}.Debug|Any CPU.Build.0 = Debug|Any CPU
		{240E641D-B3AA-44EE-A6D1-A6D0F8A1A46E}.Release|Any CPU.ActiveCfg = Release|Any CPU
		{240E641D-B3AA-44EE-A6D1-A6D0F8A1A46E}.Release|Any CPU.Build.0 = Release|Any CPU
	EndGlobalSection
	GlobalSection(SolutionProperties) = preSolution
		HideSolutionNode = FALSE
	EndGlobalSection
	GlobalSection(ExtensibilityGlobals) = postSolution
		SolutionGuid = {963D91D2-7721-452C-B40D-F2DE32A72B62}
	EndGlobalSection
EndGlobal
